
Microsoft Visual Studio Solution File, Format Version 12.00
# Visual Studio 2013
VisualStudioVersion = 12.0.30501.0
MinimumVisualStudioVersion = 10.0.40219.1
Project("{FAE04EC0-301F-11D3-BF4B-00C04F79EFBC}") = "NetduinoApplication_Demo02_DCMotor", "NetduinoApplication_Demo02_DCMotor\NetduinoApplication_Demo02_DCMotor.csproj", "{C6AC3861-CDFB-4F47-976B-19025B81D44F}"
EndProject
Global
	GlobalSection(SolutionConfigurationPlatforms) = preSolution
		Debug|Any CPU = Debug|Any CPU
		Release|Any CPU = Release|Any CPU
	EndGlobalSection
	GlobalSection(ProjectConfigurationPlatforms) = postSolution
		{C6AC3861-CDFB-4F47-976B-19025B81D44F}.Debug|Any CPU.ActiveCfg = Debug|Any CPU
		{C6AC3861-CDFB-4F47-976B-19025B81D44F}.Debug|Any CPU.Build.0 = Debug|Any CPU
		{C6AC3861-CDFB-4F47-976B-19025B81D44F}.Debug|Any CPU.Deploy.0 = Debug|Any CPU
		{C6AC3861-CDFB-4F47-976B-19025B81D44F}.Release|Any CPU.ActiveCfg = Release|Any CPU
		{C6AC3861-CDFB-4F47-976B-19025B81D44F}.Release|Any CPU.Build.0 = Release|Any CPU
		{C6AC3861-CDFB-4F47-976B-19025B81D44F}.Release|Any CPU.Deploy.0 = Release|Any CPU
	EndGlobalSection
	GlobalSection(SolutionProperties) = preSolution
		HideSolutionNode = FALSE
	EndGlobalSection
EndGlobal
