
Microsoft Visual Studio Solution File, Format Version 12.00
# Visual Studio 2013
VisualStudioVersion = 12.0.30501.0
MinimumVisualStudioVersion = 10.0.40219.1
Project("{FAE04EC0-301F-11D3-BF4B-00C04F79EFBC}") = "NetduinoApplication_Demo04_ServoMotor", "NetduinoApplication_Demo04_ServoMotor\NetduinoApplication_Demo04_ServoMotor.csproj", "{BCED606F-CF8C-49C5-887D-B3DD4D416880}"
EndProject
Global
	GlobalSection(SolutionConfigurationPlatforms) = preSolution
		Debug|Any CPU = Debug|Any CPU
		Release|Any CPU = Release|Any CPU
	EndGlobalSection
	GlobalSection(ProjectConfigurationPlatforms) = postSolution
		{BCED606F-CF8C-49C5-887D-B3DD4D416880}.Debug|Any CPU.ActiveCfg = Debug|Any CPU
		{BCED606F-CF8C-49C5-887D-B3DD4D416880}.Debug|Any CPU.Build.0 = Debug|Any CPU
		{BCED606F-CF8C-49C5-887D-B3DD4D416880}.Debug|Any CPU.Deploy.0 = Debug|Any CPU
		{BCED606F-CF8C-49C5-887D-B3DD4D416880}.Release|Any CPU.ActiveCfg = Release|Any CPU
		{BCED606F-CF8C-49C5-887D-B3DD4D416880}.Release|Any CPU.Build.0 = Release|Any CPU
		{BCED606F-CF8C-49C5-887D-B3DD4D416880}.Release|Any CPU.Deploy.0 = Release|Any CPU
	EndGlobalSection
	GlobalSection(SolutionProperties) = preSolution
		HideSolutionNode = FALSE
	EndGlobalSection
EndGlobal
